
Microsoft Visual Studio Solution File, Format Version 12.00
# Visual Studio 2013
VisualStudioVersion = 12.0.31101.0
MinimumVisualStudioVersion = 10.0.40219.1
Project("{FAE04EC0-301F-11D3-BF4B-00C04F79EFBC}") = "NewsPortal.Data", "NewsPortal.Data\NewsPortal.Data.csproj", "{F69F7758-824A-472F-9637-D82AB74D7CDA}"
EndProject
Project("{FAE04EC0-301F-11D3-BF4B-00C04F79EFBC}") = "NewsPortal.Data.Test", "NewsPortal.Data.Test\NewsPortal.Data.Test.csproj", "{DE242524-5608-4750-AE4E-AEB44743CA50}"
EndProject
Project("{FAE04EC0-301F-11D3-BF4B-00C04F79EFBC}") = "NewsPortal.Domain", "NewsPortal.Domain\NewsPortal.Domain.csproj", "{0B4EF9FF-24D7-4F8D-A3F7-2C76301E698C}"
EndProject
Project("{FAE04EC0-301F-11D3-BF4B-00C04F79EFBC}") = "NewsPortal.Domain.Test", "NewsPortal.Domain.Test\NewsPortal.Domain.Test.csproj", "{79A4659B-39D7-435D-B3C4-B33994121257}"
EndProject
Project("{FAE04EC0-301F-11D3-BF4B-00C04F79EFBC}") = "NewsPortal.Web", "NewsPortal.Web\NewsPortal.Web.csproj", "{A8CF38C2-5127-451C-B9F5-B3BDE1379A67}"
EndProject
Global
	GlobalSection(SolutionConfigurationPlatforms) = preSolution
		Debug|Any CPU = Debug|Any CPU
		Debug|ARM = Debug|ARM
		Debug|x64 = Debug|x64
		Debug|x86 = Debug|x86
		Release|Any CPU = Release|Any CPU
		Release|ARM = Release|ARM
		Release|x64 = Release|x64
		Release|x86 = Release|x86
	EndGlobalSection
	GlobalSection(ProjectConfigurationPlatforms) = postSolution
		{F69F7758-824A-472F-9637-D82AB74D7CDA}.Debug|Any CPU.ActiveCfg = Debug|Any CPU
		{F69F7758-824A-472F-9637-D82AB74D7CDA}.Debug|Any CPU.Build.0 = Debug|Any CPU
		{F69F7758-824A-472F-9637-D82AB74D7CDA}.Debug|ARM.ActiveCfg = Debug|Any CPU
		{F69F7758-824A-472F-9637-D82AB74D7CDA}.Debug|x64.ActiveCfg = Debug|Any CPU
		{F69F7758-824A-472F-9637-D82AB74D7CDA}.Debug|x86.ActiveCfg = Debug|Any CPU
		{F69F7758-824A-472F-9637-D82AB74D7CDA}.Release|Any CPU.ActiveCfg = Release|Any CPU
		{F69F7758-824A-472F-9637-D82AB74D7CDA}.Release|Any CPU.Build.0 = Release|Any CPU
		{F69F7758-824A-472F-9637-D82AB74D7CDA}.Release|ARM.ActiveCfg = Release|Any CPU
		{F69F7758-824A-472F-9637-D82AB74D7CDA}.Release|x64.ActiveCfg = Release|Any CPU
		{F69F7758-824A-472F-9637-D82AB74D7CDA}.Release|x86.ActiveCfg = Release|Any CPU
		{DE242524-5608-4750-AE4E-AEB44743CA50}.Debug|Any CPU.ActiveCfg = Debug|Any CPU
		{DE242524-5608-4750-AE4E-AEB44743CA50}.Debug|Any CPU.Build.0 = Debug|Any CPU
		{DE242524-5608-4750-AE4E-AEB44743CA50}.Debug|ARM.ActiveCfg = Debug|Any CPU
		{DE242524-5608-4750-AE4E-AEB44743CA50}.Debug|x64.ActiveCfg = Debug|Any CPU
		{DE242524-5608-4750-AE4E-AEB44743CA50}.Debug|x86.ActiveCfg = Debug|Any CPU
		{DE242524-5608-4750-AE4E-AEB44743CA50}.Release|Any CPU.ActiveCfg = Release|Any CPU
		{DE242524-5608-4750-AE4E-AEB44743CA50}.Release|Any CPU.Build.0 = Release|Any CPU
		{DE242524-5608-4750-AE4E-AEB44743CA50}.Release|ARM.ActiveCfg = Release|Any CPU
		{DE242524-5608-4750-AE4E-AEB44743CA50}.Release|x64.ActiveCfg = Release|Any CPU
		{DE242524-5608-4750-AE4E-AEB44743CA50}.Release|x86.ActiveCfg = Release|Any CPU
		{0B4EF9FF-24D7-4F8D-A3F7-2C76301E698C}.Debug|Any CPU.ActiveCfg = Debug|Any CPU
		{0B4EF9FF-24D7-4F8D-A3F7-2C76301E698C}.Debug|Any CPU.Build.0 = Debug|Any CPU
		{0B4EF9FF-24D7-4F8D-A3F7-2C76301E698C}.Debug|ARM.ActiveCfg = Debug|Any CPU
		{0B4EF9FF-24D7-4F8D-A3F7-2C76301E698C}.Debug|x64.ActiveCfg = Debug|Any CPU
		{0B4EF9FF-24D7-4F8D-A3F7-2C76301E698C}.Debug|x86.ActiveCfg = Debug|Any CPU
		{0B4EF9FF-24D7-4F8D-A3F7-2C76301E698C}.Release|Any CPU.ActiveCfg = Release|Any CPU
		{0B4EF9FF-24D7-4F8D-A3F7-2C76301E698C}.Release|Any CPU.Build.0 = Release|Any CPU
		{0B4EF9FF-24D7-4F8D-A3F7-2C76301E698C}.Release|ARM.ActiveCfg = Release|Any CPU
		{0B4EF9FF-24D7-4F8D-A3F7-2C76301E698C}.Release|x64.ActiveCfg = Release|Any CPU
		{0B4EF9FF-24D7-4F8D-A3F7-2C76301E698C}.Release|x86.ActiveCfg = Release|Any CPU
		{79A4659B-39D7-435D-B3C4-B33994121257}.Debug|Any CPU.ActiveCfg = Debug|Any CPU
		{79A4659B-39D7-435D-B3C4-B33994121257}.Debug|Any CPU.Build.0 = Debug|Any CPU
		{79A4659B-39D7-435D-B3C4-B33994121257}.Debug|ARM.ActiveCfg = Debug|Any CPU
		{79A4659B-39D7-435D-B3C4-B33994121257}.Debug|x64.ActiveCfg = Debug|Any CPU
		{79A4659B-39D7-435D-B3C4-B33994121257}.Debug|x86.ActiveCfg = Debug|Any CPU
		{79A4659B-39D7-435D-B3C4-B33994121257}.Release|Any CPU.ActiveCfg = Release|Any CPU
		{79A4659B-39D7-435D-B3C4-B33994121257}.Release|Any CPU.Build.0 = Release|Any CPU
		{79A4659B-39D7-435D-B3C4-B33994121257}.Release|ARM.ActiveCfg = Release|Any CPU
		{79A4659B-39D7-435D-B3C4-B33994121257}.Release|x64.ActiveCfg = Release|Any CPU
		{79A4659B-39D7-435D-B3C4-B33994121257}.Release|x86.ActiveCfg = Release|Any CPU
		{A8CF38C2-5127-451C-B9F5-B3BDE1379A67}.Debug|Any CPU.ActiveCfg = Debug|Any CPU
		{A8CF38C2-5127-451C-B9F5-B3BDE1379A67}.Debug|Any CPU.Build.0 = Debug|Any CPU
		{A8CF38C2-5127-451C-B9F5-B3BDE1379A67}.Debug|ARM.ActiveCfg = Debug|Any CPU
		{A8CF38C2-5127-451C-B9F5-B3BDE1379A67}.Debug|x64.ActiveCfg = Debug|Any CPU
		{A8CF38C2-5127-451C-B9F5-B3BDE1379A67}.Debug|x86.ActiveCfg = Debug|Any CPU
		{A8CF38C2-5127-451C-B9F5-B3BDE1379A67}.Release|Any CPU.ActiveCfg = Release|Any CPU
		{A8CF38C2-5127-451C-B9F5-B3BDE1379A67}.Release|Any CPU.Build.0 = Release|Any CPU
		{A8CF38C2-5127-451C-B9F5-B3BDE1379A67}.Release|ARM.ActiveCfg = Release|Any CPU
		{A8CF38C2-5127-451C-B9F5-B3BDE1379A67}.Release|x64.ActiveCfg = Release|Any CPU
		{A8CF38C2-5127-451C-B9F5-B3BDE1379A67}.Release|x86.ActiveCfg = Release|Any CPU
	EndGlobalSection
	GlobalSection(SolutionProperties) = preSolution
		HideSolutionNode = FALSE
	EndGlobalSection
EndGlobal
